
Microsoft Visual Studio Solution File, Format Version 12.00
Project("{2150E333-8FDC-42A3-9474-1A3956D46DE8}") = "src", "src", "{DD744843-DCAF-47B7-A9FE-E494ABE70BE8}"
EndProject
Project("{2150E333-8FDC-42A3-9474-1A3956D46DE8}") = "Web", "Web", "{B4B41979-D199-40A7-8546-279617484CA9}"
EndProject
Project("{2150E333-8FDC-42A3-9474-1A3956D46DE8}") = "tests", "tests", "{A64887B4-0B73-4064-A254-F4839E300FC6}"
EndProject
Project("{2150E333-8FDC-42A3-9474-1A3956D46DE8}") = "TesteFullStack.API", "TesteFullStack.API", "{C9C853BF-38FB-4EA3-B2F0-B4552F4DC529}"
EndProject
Project("{2150E333-8FDC-42A3-9474-1A3956D46DE8}") = "TesteFullStack.Domain", "TesteFullStack.Domain", "{43DFECAF-4ABC-4D24-8912-72B2A21103F6}"
EndProject
Project("{2150E333-8FDC-42A3-9474-1A3956D46DE8}") = "TesteFullStack.Application", "TesteFullStack.Application", "{D74A0096-4597-494C-B747-26635B1CEA0A}"
EndProject
Project("{2150E333-8FDC-42A3-9474-1A3956D46DE8}") = "TesteFullStack.Infrastructure", "TesteFullStack.Infrastructure", "{1D4E34A5-CDE8-4DB9-BDE2-BFB3D9D15D82}"
EndProject
Project("{2150E333-8FDC-42A3-9474-1A3956D46DE8}") = "TesteFullStack.Tests", "TesteFullStack.Tests", "{D6D3678B-21BE-4933-93BA-B127B487FE9C}"
EndProject
Project("{FAE04EC0-301F-11D3-BF4B-00C04F79EFBC}") = "TesteFullStack.API", "src\TesteFullStack.API\TesteFullStack.API\TesteFullStack.API.csproj", "{3FCCEBBA-6510-4551-BF9F-73290D6CE461}"
	ProjectSection(ProjectDependencies) = postProject
		{BD4FEB37-E439-4986-A35B-D74744BA3E77} = {BD4FEB37-E439-4986-A35B-D74744BA3E77}
		{FA75B129-75CA-4031-8C31-D6121CB0081C} = {FA75B129-75CA-4031-8C31-D6121CB0081C}
	EndProjectSection
EndProject
Project("{FAE04EC0-301F-11D3-BF4B-00C04F79EFBC}") = "TesteFullStack.Application", "src\TesteFullStack.Application\TesteFullStack.Application\TesteFullStack.Application.csproj", "{BD4FEB37-E439-4986-A35B-D74744BA3E77}"
	ProjectSection(ProjectDependencies) = postProject
		{B063E1D6-AFC4-4A37-BAE2-447751D08614} = {B063E1D6-AFC4-4A37-BAE2-447751D08614}
	EndProjectSection
EndProject
Project("{FAE04EC0-301F-11D3-BF4B-00C04F79EFBC}") = "TesteFullStack.Domain", "src\TesteFullStack.Domain\TesteFullStack.Domain\TesteFullStack.Domain.csproj", "{B063E1D6-AFC4-4A37-BAE2-447751D08614}"
EndProject
Project("{FAE04EC0-301F-11D3-BF4B-00C04F79EFBC}") = "TesteFullStack.Infrastructure", "src\TesteFullStack.Infrastructure\TesteFullStack.Infrastructure\TesteFullStack.Infrastructure.csproj", "{FA75B129-75CA-4031-8C31-D6121CB0081C}"
	ProjectSection(ProjectDependencies) = postProject
		{B063E1D6-AFC4-4A37-BAE2-447751D08614} = {B063E1D6-AFC4-4A37-BAE2-447751D08614}
		{BD4FEB37-E439-4986-A35B-D74744BA3E77} = {BD4FEB37-E439-4986-A35B-D74744BA3E77}
	EndProjectSection
EndProject
Project("{FAE04EC0-301F-11D3-BF4B-00C04F79EFBC}") = "TesteFullStack.Tests", "tests\TesteFullStack.Tests\TesteFullStack.Tests\TesteFullStack.Tests.csproj", "{D2BE6CD3-2EA2-4B66-A446-ACDD1E7642AA}"
EndProject
Global
	GlobalSection(SolutionConfigurationPlatforms) = preSolution
		Debug|Any CPU = Debug|Any CPU
		Release|Any CPU = Release|Any CPU
	EndGlobalSection
	GlobalSection(NestedProjects) = preSolution
		{C9C853BF-38FB-4EA3-B2F0-B4552F4DC529} = {DD744843-DCAF-47B7-A9FE-E494ABE70BE8}
		{43DFECAF-4ABC-4D24-8912-72B2A21103F6} = {DD744843-DCAF-47B7-A9FE-E494ABE70BE8}
		{D74A0096-4597-494C-B747-26635B1CEA0A} = {DD744843-DCAF-47B7-A9FE-E494ABE70BE8}
		{1D4E34A5-CDE8-4DB9-BDE2-BFB3D9D15D82} = {DD744843-DCAF-47B7-A9FE-E494ABE70BE8}
		{D6D3678B-21BE-4933-93BA-B127B487FE9C} = {A64887B4-0B73-4064-A254-F4839E300FC6}
		{3FCCEBBA-6510-4551-BF9F-73290D6CE461} = {C9C853BF-38FB-4EA3-B2F0-B4552F4DC529}
		{BD4FEB37-E439-4986-A35B-D74744BA3E77} = {D74A0096-4597-494C-B747-26635B1CEA0A}
		{B063E1D6-AFC4-4A37-BAE2-447751D08614} = {43DFECAF-4ABC-4D24-8912-72B2A21103F6}
		{FA75B129-75CA-4031-8C31-D6121CB0081C} = {1D4E34A5-CDE8-4DB9-BDE2-BFB3D9D15D82}
		{D2BE6CD3-2EA2-4B66-A446-ACDD1E7642AA} = {D6D3678B-21BE-4933-93BA-B127B487FE9C}
	EndGlobalSection
	GlobalSection(ProjectConfigurationPlatforms) = postSolution
		{3FCCEBBA-6510-4551-BF9F-73290D6CE461}.Debug|Any CPU.ActiveCfg = Debug|Any CPU
		{3FCCEBBA-6510-4551-BF9F-73290D6CE461}.Debug|Any CPU.Build.0 = Debug|Any CPU
		{3FCCEBBA-6510-4551-BF9F-73290D6CE461}.Release|Any CPU.ActiveCfg = Release|Any CPU
		{3FCCEBBA-6510-4551-BF9F-73290D6CE461}.Release|Any CPU.Build.0 = Release|Any CPU
		{BD4FEB37-E439-4986-A35B-D74744BA3E77}.Debug|Any CPU.ActiveCfg = Debug|Any CPU
		{BD4FEB37-E439-4986-A35B-D74744BA3E77}.Debug|Any CPU.Build.0 = Debug|Any CPU
		{BD4FEB37-E439-4986-A35B-D74744BA3E77}.Release|Any CPU.ActiveCfg = Release|Any CPU
		{BD4FEB37-E439-4986-A35B-D74744BA3E77}.Release|Any CPU.Build.0 = Release|Any CPU
		{B063E1D6-AFC4-4A37-BAE2-447751D08614}.Debug|Any CPU.ActiveCfg = Debug|Any CPU
		{B063E1D6-AFC4-4A37-BAE2-447751D08614}.Debug|Any CPU.Build.0 = Debug|Any CPU
		{B063E1D6-AFC4-4A37-BAE2-447751D08614}.Release|Any CPU.ActiveCfg = Release|Any CPU
		{B063E1D6-AFC4-4A37-BAE2-447751D08614}.Release|Any CPU.Build.0 = Release|Any CPU
		{FA75B129-75CA-4031-8C31-D6121CB0081C}.Debug|Any CPU.ActiveCfg = Debug|Any CPU
		{FA75B129-75CA-4031-8C31-D6121CB0081C}.Debug|Any CPU.Build.0 = Debug|Any CPU
		{FA75B129-75CA-4031-8C31-D6121CB0081C}.Release|Any CPU.ActiveCfg = Release|Any CPU
		{FA75B129-75CA-4031-8C31-D6121CB0081C}.Release|Any CPU.Build.0 = Release|Any CPU
		{D2BE6CD3-2EA2-4B66-A446-ACDD1E7642AA}.Debug|Any CPU.ActiveCfg = Debug|Any CPU
		{D2BE6CD3-2EA2-4B66-A446-ACDD1E7642AA}.Debug|Any CPU.Build.0 = Debug|Any CPU
		{D2BE6CD3-2EA2-4B66-A446-ACDD1E7642AA}.Release|Any CPU.ActiveCfg = Release|Any CPU
		{D2BE6CD3-2EA2-4B66-A446-ACDD1E7642AA}.Release|Any CPU.Build.0 = Release|Any CPU
	EndGlobalSection
EndGlobal
